{
  "name": "parsenum",
  "version": "1.0.0",
  "lockfileVersion": 1,
  "requires": true,
  "dependencies": {
    "num2capital": {
      "version": "1.0.5",
      "resolved": "https://registry.npmjs.org/num2capital/-/num2capital-1.0.5.tgz",
      "integrity": "sha512-Kf8DKcbOkvSuHVvNzU9EeZa2P43FSN7PkyoaKb2Egkz3c09+4ZPqTsH/FOsRArwPfvFd3KuznjLnwPajFDzRcA=="
    }
  }
}
